
Microsoft Visual Studio Solution File, Format Version 12.00
# Visual Studio Version 16
VisualStudioVersion = 16.0.30204.135
MinimumVisualStudioVersion = 10.0.40219.1
Project("{9A19103F-16F7-4668-BE54-9A1E7A4F7556}") = "BookCase.Web", "BookCase.Web\BookCase.Web.csproj", "{E35AD577-8045-4E35-901F-08D84FD89269}"
EndProject
Project("{9A19103F-16F7-4668-BE54-9A1E7A4F7556}") = "BookCase.Domain", "BookCase.Domain\BookCase.Domain.csproj", "{4E851105-EF2F-4B66-9B23-1DD727920FCD}"
EndProject
Project("{9A19103F-16F7-4668-BE54-9A1E7A4F7556}") = "BookCase.Service", "BookCase.Service\BookCase.Service.csproj", "{7DB46A24-24C0-4670-BE97-3D664737BEFE}"
EndProject
Project("{9A19103F-16F7-4668-BE54-9A1E7A4F7556}") = "BookCase.Repository", "BookCase.Repository\BookCase.Repository.csproj", "{7A9DEFDE-10D1-47E2-BB25-01523D858FE5}"
EndProject
Project("{9A19103F-16F7-4668-BE54-9A1E7A4F7556}") = "BookCase.API", "BookCase.API\BookCase.API.csproj", "{3FEF1BD8-21ED-48AA-A1E7-6D0FE621AC9D}"
EndProject
Global
	GlobalSection(SolutionConfigurationPlatforms) = preSolution
		Debug|Any CPU = Debug|Any CPU
		Release|Any CPU = Release|Any CPU
	EndGlobalSection
	GlobalSection(ProjectConfigurationPlatforms) = postSolution
		{E35AD577-8045-4E35-901F-08D84FD89269}.Debug|Any CPU.ActiveCfg = Debug|Any CPU
		{E35AD577-8045-4E35-901F-08D84FD89269}.Debug|Any CPU.Build.0 = Debug|Any CPU
		{E35AD577-8045-4E35-901F-08D84FD89269}.Release|Any CPU.ActiveCfg = Release|Any CPU
		{E35AD577-8045-4E35-901F-08D84FD89269}.Release|Any CPU.Build.0 = Release|Any CPU
		{4E851105-EF2F-4B66-9B23-1DD727920FCD}.Debug|Any CPU.ActiveCfg = Debug|Any CPU
		{4E851105-EF2F-4B66-9B23-1DD727920FCD}.Debug|Any CPU.Build.0 = Debug|Any CPU
		{4E851105-EF2F-4B66-9B23-1DD727920FCD}.Release|Any CPU.ActiveCfg = Release|Any CPU
		{4E851105-EF2F-4B66-9B23-1DD727920FCD}.Release|Any CPU.Build.0 = Release|Any CPU
		{7DB46A24-24C0-4670-BE97-3D664737BEFE}.Debug|Any CPU.ActiveCfg = Debug|Any CPU
		{7DB46A24-24C0-4670-BE97-3D664737BEFE}.Debug|Any CPU.Build.0 = Debug|Any CPU
		{7DB46A24-24C0-4670-BE97-3D664737BEFE}.Release|Any CPU.ActiveCfg = Release|Any CPU
		{7DB46A24-24C0-4670-BE97-3D664737BEFE}.Release|Any CPU.Build.0 = Release|Any CPU
		{7A9DEFDE-10D1-47E2-BB25-01523D858FE5}.Debug|Any CPU.ActiveCfg = Debug|Any CPU
		{7A9DEFDE-10D1-47E2-BB25-01523D858FE5}.Debug|Any CPU.Build.0 = Debug|Any CPU
		{7A9DEFDE-10D1-47E2-BB25-01523D858FE5}.Release|Any CPU.ActiveCfg = Release|Any CPU
		{7A9DEFDE-10D1-47E2-BB25-01523D858FE5}.Release|Any CPU.Build.0 = Release|Any CPU
		{3FEF1BD8-21ED-48AA-A1E7-6D0FE621AC9D}.Debug|Any CPU.ActiveCfg = Debug|Any CPU
		{3FEF1BD8-21ED-48AA-A1E7-6D0FE621AC9D}.Debug|Any CPU.Build.0 = Debug|Any CPU
		{3FEF1BD8-21ED-48AA-A1E7-6D0FE621AC9D}.Release|Any CPU.ActiveCfg = Release|Any CPU
		{3FEF1BD8-21ED-48AA-A1E7-6D0FE621AC9D}.Release|Any CPU.Build.0 = Release|Any CPU
	EndGlobalSection
	GlobalSection(SolutionProperties) = preSolution
		HideSolutionNode = FALSE
	EndGlobalSection
	GlobalSection(ExtensibilityGlobals) = postSolution
		SolutionGuid = {060F38F6-D0EA-402B-AE15-EA4CEE6E6D06}
	EndGlobalSection
EndGlobal
